
Microsoft Visual Studio Solution File, Format Version 12.00
# Visual Studio 15
VisualStudioVersion = 15.0.27428.2037
MinimumVisualStudioVersion = 10.0.40219.1
Project("{FAE04EC0-301F-11D3-BF4B-00C04F79EFBC}") = "FlashUploader", "FlashUploader\FlashUploader.csproj", "{91AB4358-3011-4D98-9870-5BF4F3BE896D}"
EndProject
Global
	GlobalSection(SolutionConfigurationPlatforms) = preSolution
		Debug|Any CPU = Debug|Any CPU
		Release|Any CPU = Release|Any CPU
	EndGlobalSection
	GlobalSection(ProjectConfigurationPlatforms) = postSolution
		{91AB4358-3011-4D98-9870-5BF4F3BE896D}.Debug|Any CPU.ActiveCfg = Debug|Any CPU
		{91AB4358-3011-4D98-9870-5BF4F3BE896D}.Debug|Any CPU.Build.0 = Debug|Any CPU
		{91AB4358-3011-4D98-9870-5BF4F3BE896D}.Release|Any CPU.ActiveCfg = Release|Any CPU
		{91AB4358-3011-4D98-9870-5BF4F3BE896D}.Release|Any CPU.Build.0 = Release|Any CPU
	EndGlobalSection
	GlobalSection(SolutionProperties) = preSolution
		HideSolutionNode = FALSE
	EndGlobalSection
	GlobalSection(ExtensibilityGlobals) = postSolution
		SolutionGuid = {5743728C-5EDD-46E7-8820-4EA5B4026AAD}
	EndGlobalSection
EndGlobal
